
Microsoft Visual Studio Solution File, Format Version 12.00
# Visual Studio 15
VisualStudioVersion = 15.0.28010.2003
MinimumVisualStudioVersion = 10.0.40219.1
Project("{8BC9CEB8-8B4A-11D0-8D11-00A0C91BC942}") = "HelloTensorflow", "HelloTensorflow\HelloTensorflow.vcxproj", "{FF1ECE54-D9BC-4A24-86CA-DD63416D2515}"
EndProject
Project("{8BC9CEB8-8B4A-11D0-8D11-00A0C91BC942}") = "HelloPoseEstimation", "HelloPoseEstimation\HelloPoseEstimation.vcxproj", "{71655064-43AD-40B1-9756-74EEA6C2E6EA}"
EndProject
Project("{8BC9CEB8-8B4A-11D0-8D11-00A0C91BC942}") = "HelloTensorFlowTests", "HelloTensorFlowTests\HelloTensorFlowTests.vcxproj", "{3D84CCE1-D54E-46AA-839C-935CC427EB99}"
EndProject
Project("{8BC9CEB8-8B4A-11D0-8D11-00A0C91BC942}") = "HelloPoseEstimationTests", "HelloPoseEstimationTests\HelloPoseEstimationTests.vcxproj", "{950C4DCD-1D8A-48B4-B137-32280C2AFB5F}"
EndProject
Global
	GlobalSection(SolutionConfigurationPlatforms) = preSolution
		Debug|x64 = Debug|x64
		Release|x64 = Release|x64
		Release-avx2|x64 = Release-avx2|x64
		Release-cuda|x64 = Release-cuda|x64
		Release-cuda-avx2|x64 = Release-cuda-avx2|x64
	EndGlobalSection
	GlobalSection(ProjectConfigurationPlatforms) = postSolution
		{FF1ECE54-D9BC-4A24-86CA-DD63416D2515}.Debug|x64.ActiveCfg = Debug|x64
		{FF1ECE54-D9BC-4A24-86CA-DD63416D2515}.Debug|x64.Build.0 = Debug|x64
		{FF1ECE54-D9BC-4A24-86CA-DD63416D2515}.Release|x64.ActiveCfg = Release|x64
		{FF1ECE54-D9BC-4A24-86CA-DD63416D2515}.Release|x64.Build.0 = Release|x64
		{FF1ECE54-D9BC-4A24-86CA-DD63416D2515}.Release-avx2|x64.ActiveCfg = Release-avx2|x64
		{FF1ECE54-D9BC-4A24-86CA-DD63416D2515}.Release-avx2|x64.Build.0 = Release-avx2|x64
		{FF1ECE54-D9BC-4A24-86CA-DD63416D2515}.Release-cuda|x64.ActiveCfg = Release-cuda|x64
		{FF1ECE54-D9BC-4A24-86CA-DD63416D2515}.Release-cuda|x64.Build.0 = Release-cuda|x64
		{FF1ECE54-D9BC-4A24-86CA-DD63416D2515}.Release-cuda-avx2|x64.ActiveCfg = Release-cuda-avx2|x64
		{FF1ECE54-D9BC-4A24-86CA-DD63416D2515}.Release-cuda-avx2|x64.Build.0 = Release-cuda-avx2|x64
		{71655064-43AD-40B1-9756-74EEA6C2E6EA}.Debug|x64.ActiveCfg = Debug|x64
		{71655064-43AD-40B1-9756-74EEA6C2E6EA}.Debug|x64.Build.0 = Debug|x64
		{71655064-43AD-40B1-9756-74EEA6C2E6EA}.Release|x64.ActiveCfg = Release|x64
		{71655064-43AD-40B1-9756-74EEA6C2E6EA}.Release|x64.Build.0 = Release|x64
		{71655064-43AD-40B1-9756-74EEA6C2E6EA}.Release-avx2|x64.ActiveCfg = Release-avx2|x64
		{71655064-43AD-40B1-9756-74EEA6C2E6EA}.Release-avx2|x64.Build.0 = Release-avx2|x64
		{71655064-43AD-40B1-9756-74EEA6C2E6EA}.Release-cuda|x64.ActiveCfg = Release-cuda|x64
		{71655064-43AD-40B1-9756-74EEA6C2E6EA}.Release-cuda|x64.Build.0 = Release-cuda|x64
		{71655064-43AD-40B1-9756-74EEA6C2E6EA}.Release-cuda-avx2|x64.ActiveCfg = Release-cuda-avx2|x64
		{71655064-43AD-40B1-9756-74EEA6C2E6EA}.Release-cuda-avx2|x64.Build.0 = Release-cuda-avx2|x64
		{3D84CCE1-D54E-46AA-839C-935CC427EB99}.Debug|x64.ActiveCfg = Debug|x64
		{3D84CCE1-D54E-46AA-839C-935CC427EB99}.Debug|x64.Build.0 = Debug|x64
		{3D84CCE1-D54E-46AA-839C-935CC427EB99}.Release|x64.ActiveCfg = Release|x64
		{3D84CCE1-D54E-46AA-839C-935CC427EB99}.Release|x64.Build.0 = Release|x64
		{3D84CCE1-D54E-46AA-839C-935CC427EB99}.Release-avx2|x64.ActiveCfg = Release-avx2|x64
		{3D84CCE1-D54E-46AA-839C-935CC427EB99}.Release-avx2|x64.Build.0 = Release-avx2|x64
		{3D84CCE1-D54E-46AA-839C-935CC427EB99}.Release-cuda|x64.ActiveCfg = Release-cuda|x64
		{3D84CCE1-D54E-46AA-839C-935CC427EB99}.Release-cuda|x64.Build.0 = Release-cuda|x64
		{3D84CCE1-D54E-46AA-839C-935CC427EB99}.Release-cuda-avx2|x64.ActiveCfg = Release-cuda-avx2|x64
		{3D84CCE1-D54E-46AA-839C-935CC427EB99}.Release-cuda-avx2|x64.Build.0 = Release-cuda-avx2|x64
		{950C4DCD-1D8A-48B4-B137-32280C2AFB5F}.Debug|x64.ActiveCfg = Debug|x64
		{950C4DCD-1D8A-48B4-B137-32280C2AFB5F}.Debug|x64.Build.0 = Debug|x64
		{950C4DCD-1D8A-48B4-B137-32280C2AFB5F}.Release|x64.ActiveCfg = Release|x64
		{950C4DCD-1D8A-48B4-B137-32280C2AFB5F}.Release|x64.Build.0 = Release|x64
		{950C4DCD-1D8A-48B4-B137-32280C2AFB5F}.Release-avx2|x64.ActiveCfg = Release-avx2|x64
		{950C4DCD-1D8A-48B4-B137-32280C2AFB5F}.Release-avx2|x64.Build.0 = Release-avx2|x64
		{950C4DCD-1D8A-48B4-B137-32280C2AFB5F}.Release-cuda|x64.ActiveCfg = Release-cuda|x64
		{950C4DCD-1D8A-48B4-B137-32280C2AFB5F}.Release-cuda|x64.Build.0 = Release-cuda|x64
		{950C4DCD-1D8A-48B4-B137-32280C2AFB5F}.Release-cuda-avx2|x64.ActiveCfg = Release-cuda-avx2|x64
		{950C4DCD-1D8A-48B4-B137-32280C2AFB5F}.Release-cuda-avx2|x64.Build.0 = Release-cuda-avx2|x64
	EndGlobalSection
	GlobalSection(SolutionProperties) = preSolution
		HideSolutionNode = FALSE
	EndGlobalSection
	GlobalSection(ExtensibilityGlobals) = postSolution
		SolutionGuid = {F303138F-2CEA-4953-8BF2-3326A1649E48}
	EndGlobalSection
EndGlobal
