<?xml version="1.0" encoding="utf-8"?>
<Project ToolsVersion="4.0" xmlns="http://schemas.microsoft.com/developer/msbuild/2003">
  <ItemGroup>
    <Filter Include="Quelldateien">
      <UniqueIdentifier>{4FC737F1-C7A5-4376-A066-2A32D752A2FF}</UniqueIdentifier>
      <Extensions>cpp;c;cc;cxx;def;odl;idl;hpj;bat;asm;asmx</Extensions>
    </Filter>
    <Filter Include="Headerdateien">
      <UniqueIdentifier>{93995380-89BD-4b04-88EB-625FBE52EBFB}</UniqueIdentifier>
      <Extensions>h;hh;hpp;hxx;hm;inl;inc;ipp;xsd</Extensions>
    </Filter>
    <Filter Include="Ressourcendateien">
      <UniqueIdentifier>{67DA6AB6-F800-4c08-8B7A-83BB121AAD01}</UniqueIdentifier>
      <Extensions>rc;ico;cur;bmp;dlg;rc2;rct;bin;rgs;gif;jpg;jpeg;jpe;resx;tiff;tif;png;wav;mfcribbon-ms</Extensions>
    </Filter>
  </ItemGroup>
  <ItemGroup>
    <ClInclude Include="pch.h">
      <Filter>Headerdateien</Filter>
    </ClInclude>
    <ClInclude Include="PoseEstimator.h">
      <Filter>Headerdateien</Filter>
    </ClInclude>
    <ClInclude Include="pafprocess.h">
      <Filter>Headerdateien</Filter>
    </ClInclude>
    <ClInclude Include="GaussKernel.h">
      <Filter>Headerdateien</Filter>
    </ClInclude>
    <ClInclude Include="FramesPerSecond.h">
      <Filter>Headerdateien</Filter>
    </ClInclude>
    <ClInclude Include="TensorMat.h">
      <Filter>Headerdateien</Filter>
    </ClInclude>
    <ClInclude Include="AffineTransform.h">
      <Filter>Headerdateien</Filter>
    </ClInclude>
    <ClInclude Include="GeometryOperators.h">
      <Filter>Headerdateien</Filter>
    </ClInclude>
    <ClInclude Include="CocoDataModel.h">
      <Filter>Headerdateien</Filter>
    </ClInclude>
    <ClInclude Include="CocoOpenCvRenderer.h">
      <Filter>Headerdateien</Filter>
    </ClInclude>
    <ClInclude Include="StopWatch.h">
      <Filter>Headerdateien</Filter>
    </ClInclude>
  </ItemGroup>
  <ItemGroup>
    <ClCompile Include="pch.cpp">
      <Filter>Quelldateien</Filter>
    </ClCompile>
    <ClCompile Include="PoseEstimator.cpp">
      <Filter>Quelldateien</Filter>
    </ClCompile>
    <ClCompile Include="pafprocess.cpp">
      <Filter>Quelldateien</Filter>
    </ClCompile>
    <ClCompile Include="GaussKernel.cpp">
      <Filter>Quelldateien</Filter>
    </ClCompile>
    <ClCompile Include="FramesPerSecond.cpp">
      <Filter>Quelldateien</Filter>
    </ClCompile>
    <ClCompile Include="TensorMat.cpp">
      <Filter>Quelldateien</Filter>
    </ClCompile>
    <ClCompile Include="AffineTransform.cpp">
      <Filter>Quelldateien</Filter>
    </ClCompile>
    <ClCompile Include="GeometryOperators.cpp">
      <Filter>Quelldateien</Filter>
    </ClCompile>
    <ClCompile Include="CocoDataModel.cpp">
      <Filter>Quelldateien</Filter>
    </ClCompile>
    <ClCompile Include="CocoOpenCvRenderer.cpp">
      <Filter>Quelldateien</Filter>
    </ClCompile>
    <ClCompile Include="StopWatch.cpp">
      <Filter>Quelldateien</Filter>
    </ClCompile>
  </ItemGroup>
</Project>