<?xml version="1.0" encoding="utf-8"?>
<Project ToolsVersion="4.0" xmlns="http://schemas.microsoft.com/developer/msbuild/2003">
  <ItemGroup>
    <Filter Include="Source Files">
      <UniqueIdentifier>{4FC737F1-C7A5-4376-A066-2A32D752A2FF}</UniqueIdentifier>
      <Extensions>cpp;c;cc;cxx;def;odl;idl;hpj;bat;asm;asmx</Extensions>
    </Filter>
    <Filter Include="Header Files">
      <UniqueIdentifier>{93995380-89BD-4b04-88EB-625FBE52EBFB}</UniqueIdentifier>
      <Extensions>h;hh;hpp;hxx;hm;inl;inc;xsd</Extensions>
    </Filter>
    <Filter Include="Resource Files">
      <UniqueIdentifier>{D9D6E242-F8AF-46E4-B9FD-80ECBC20BA3E}</UniqueIdentifier>
      <Extensions>qrc;*</Extensions>
      <ParseFiles>false</ParseFiles>
    </Filter>
    <Filter Include="Form Files">
      <UniqueIdentifier>{99349809-55BA-4b9d-BF79-8FDBB0286EB3}</UniqueIdentifier>
      <Extensions>ui</Extensions>
    </Filter>
    <Filter Include="Resource Files">
      <UniqueIdentifier>{D9D6E242-F8AF-46E4-B9FD-80ECBC20BA3E}</UniqueIdentifier>
      <Extensions>qrc;*</Extensions>
      <ParseFiles>false</ParseFiles>
    </Filter>
    <Filter Include="Generated Files">
      <UniqueIdentifier>{71ED8ED8-ACB9-4CE9-BBE1-E00B30144E11}</UniqueIdentifier>
      <Extensions>moc;h;cpp</Extensions>
      <SourceControlFiles>False</SourceControlFiles>
    </Filter>
    <Filter Include="Resource Files\Shaders">
      <UniqueIdentifier>{a6ef6e6b-5f1c-4fa5-88ba-d66b4ab71a79}</UniqueIdentifier>
    </Filter>
    <Filter Include="Resource Files\qdarkstyle">
      <UniqueIdentifier>{99a63c87-26e4-4555-ad7e-33ea0b6b6d48}</UniqueIdentifier>
    </Filter>
    <Filter Include="Resource Files\Devices">
      <UniqueIdentifier>{5d4a573a-254d-4aac-bc6e-3ab768b1a247}</UniqueIdentifier>
    </Filter>
  </ItemGroup>
  <ItemGroup>
    <ClCompile Include="pch.cpp">
      <Filter>Source Files</Filter>
    </ClCompile>
    <ClCompile Include="OpenGlVideoView.cpp">
      <Filter>Source Files</Filter>
    </ClCompile>
    <ClCompile Include="PoseLab.cpp">
      <Filter>Source Files</Filter>
    </ClCompile>
    <ClCompile Include="OpenGlVideoSurface.cpp">
      <Filter>Source Files</Filter>
    </ClCompile>
    <ClCompile Include="VideoFrameProcessor.cpp">
      <Filter>Source Files</Filter>
    </ClCompile>
    <ClCompile Include="main.cpp">
      <Filter>Source Files</Filter>
    </ClCompile>
    <ClCompile Include="AbstractVideoFrameSource.cpp">
      <Filter>Source Files</Filter>
    </ClCompile>
    <ClCompile Include="MovieVideoFrameSource.cpp">
      <Filter>Source Files</Filter>
    </ClCompile>
    <ClCompile Include="CameraVideoFrameSource.cpp">
      <Filter>Source Files</Filter>
    </ClCompile>
    <ClCompile Include="OpenCVVideoCaptureSource.cpp">
      <Filter>Source Files</Filter>
    </ClCompile>
    <ClCompile Include="OpenCVVideoBuffer.cpp">
      <Filter>Source Files</Filter>
    </ClCompile>
    <ClCompile Include="OpenCVFFMpegSource.cpp">
      <Filter>Source Files</Filter>
    </ClCompile>
    <ClCompile Include="OverlayPainter.cpp">
      <Filter>Source Files</Filter>
    </ClCompile>
    <ClCompile Include="OverlayElement.cpp">
      <Filter>Source Files</Filter>
    </ClCompile>
    <ClCompile Include="OverlayText.cpp">
      <Filter>Source Files</Filter>
    </ClCompile>
  </ItemGroup>
  <ItemGroup>
    <ClInclude Include="pch.h">
      <Filter>Header Files</Filter>
    </ClInclude>
    <ClInclude Include="CameraVideoFrameSource.h">
      <Filter>Header Files</Filter>
    </ClInclude>
    <ClInclude Include="MovieVideoFrameSource.h">
      <Filter>Header Files</Filter>
    </ClInclude>
    <ClInclude Include="OpenCVVideoBuffer.h">
      <Filter>Header Files</Filter>
    </ClInclude>
    <ClInclude Include="OverlayPainter.h">
      <Filter>Header Files</Filter>
    </ClInclude>
  </ItemGroup>
  <ItemGroup>
    <QtUic Include="PoseLab.ui">
      <Filter>Form Files</Filter>
    </QtUic>
  </ItemGroup>
  <ItemGroup>
    <QtRcc Include="PoseLab.qrc">
      <Filter>Resource Files</Filter>
    </QtRcc>
    <QtRcc Include="Resources\qdarkstyle\style.qrc">
      <Filter>Resource Files\qdarkstyle</Filter>
    </QtRcc>
  </ItemGroup>
  <ItemGroup>
    <ResourceCompile Include="PoseLab.rc" />
  </ItemGroup>
  <ItemGroup>
    <QtMoc Include="PoseLab.h">
      <Filter>Header Files</Filter>
    </QtMoc>
    <QtMoc Include="OpenGlVideoView.h">
      <Filter>Header Files</Filter>
    </QtMoc>
    <QtMoc Include="OpenGlVideoSurface.h">
      <Filter>Header Files</Filter>
    </QtMoc>
    <QtMoc Include="VideoFrameProcessor.h">
      <Filter>Header Files</Filter>
    </QtMoc>
    <QtMoc Include="AbstractVideoFrameSource.h">
      <Filter>Header Files</Filter>
    </QtMoc>
    <QtMoc Include="OpenCVVideoCaptureSource.h">
      <Filter>Header Files</Filter>
    </QtMoc>
    <QtMoc Include="OpenCVFFMpegSource.h">
      <Filter>Header Files</Filter>
    </QtMoc>
    <QtMoc Include="OverlayElement.h">
      <Filter>Header Files</Filter>
    </QtMoc>
    <QtMoc Include="OverlayText.h">
      <Filter>Header Files</Filter>
    </QtMoc>
  </ItemGroup>
  <ItemGroup>
    <None Include="Resources\Shaders\identity_vertex_shader.glsl">
      <Filter>Resource Files\Shaders</Filter>
    </None>
    <None Include="Resources\Shaders\identity_fragment_shader.glsl">
      <Filter>Resource Files\Shaders</Filter>
    </None>
    <None Include="Resources\qdarkstyle\style.qss">
      <Filter>Resource Files\qdarkstyle</Filter>
    </None>
  </ItemGroup>
  <ItemGroup>
    <Image Include="Resources\Devices\camera_lens.png">
      <Filter>Resource Files\Devices</Filter>
    </Image>
  </ItemGroup>
</Project>